
Microsoft Visual Studio Solution File, Format Version 12.00
# Visual Studio Version 16
VisualStudioVersion = 16.0.30503.244
MinimumVisualStudioVersion = 10.0.40219.1
Project("{9A19103F-16F7-4668-BE54-9A1E7A4F7556}") = "PrivateMessageSender", "PrivateMessageSender\PrivateMessageSender.csproj", "{B58EDF67-5393-455F-867F-75456CD27E24}"
EndProject
Project("{9A19103F-16F7-4668-BE54-9A1E7A4F7556}") = "PrivateMessageReceiver", "PrivateMessageReceiver\PrivateMessageReceiver.csproj", "{C70AFA74-4DD4-4BAB-9F2F-300C73DF4B67}"
EndProject
Project("{9A19103F-16F7-4668-BE54-9A1E7A4F7556}") = "PerformanceMessageSender", "PerformanceMessageSender\PerformanceMessageSender.csproj", "{32EE8E76-FC13-4148-AB03-30276A98EEEC}"
EndProject
Project("{9A19103F-16F7-4668-BE54-9A1E7A4F7556}") = "PerformanceMessageReceiver", "PerformanceMessageReceiver\PerformanceMessageReceiver.csproj", "{A8EDBBB3-0600-4BEE-AD4F-97E4E057DD27}"
EndProject
Project("{9A19103F-16F7-4668-BE54-9A1E7A4F7556}") = "QueueApp", "QueueApp\QueueApp.csproj", "{30A7E2C2-6EE0-4620-85C6-0994B70804FB}"
EndProject
Project("{9A19103F-16F7-4668-BE54-9A1E7A4F7556}") = "DeQueueApp", "DeQueueApp\DeQueueApp.csproj", "{B0E1E363-AE4B-498A-A5EA-EDF7D08B2977}"
EndProject
Project("{2150E333-8FDC-42A3-9474-1A3956D46DE8}") = "Solution Items", "Solution Items", "{2F950F03-A5DA-4068-9B5C-11CCDB27E471}"
	ProjectSection(SolutionItems) = preProject
		.editorconfig = .editorconfig
	EndProjectSection
EndProject
Global
	GlobalSection(SolutionConfigurationPlatforms) = preSolution
		Debug|Any CPU = Debug|Any CPU
		Release|Any CPU = Release|Any CPU
	EndGlobalSection
	GlobalSection(ProjectConfigurationPlatforms) = postSolution
		{B58EDF67-5393-455F-867F-75456CD27E24}.Debug|Any CPU.ActiveCfg = Debug|Any CPU
		{B58EDF67-5393-455F-867F-75456CD27E24}.Debug|Any CPU.Build.0 = Debug|Any CPU
		{B58EDF67-5393-455F-867F-75456CD27E24}.Release|Any CPU.ActiveCfg = Release|Any CPU
		{B58EDF67-5393-455F-867F-75456CD27E24}.Release|Any CPU.Build.0 = Release|Any CPU
		{C70AFA74-4DD4-4BAB-9F2F-300C73DF4B67}.Debug|Any CPU.ActiveCfg = Debug|Any CPU
		{C70AFA74-4DD4-4BAB-9F2F-300C73DF4B67}.Debug|Any CPU.Build.0 = Debug|Any CPU
		{C70AFA74-4DD4-4BAB-9F2F-300C73DF4B67}.Release|Any CPU.ActiveCfg = Release|Any CPU
		{C70AFA74-4DD4-4BAB-9F2F-300C73DF4B67}.Release|Any CPU.Build.0 = Release|Any CPU
		{32EE8E76-FC13-4148-AB03-30276A98EEEC}.Debug|Any CPU.ActiveCfg = Debug|Any CPU
		{32EE8E76-FC13-4148-AB03-30276A98EEEC}.Debug|Any CPU.Build.0 = Debug|Any CPU
		{32EE8E76-FC13-4148-AB03-30276A98EEEC}.Release|Any CPU.ActiveCfg = Release|Any CPU
		{32EE8E76-FC13-4148-AB03-30276A98EEEC}.Release|Any CPU.Build.0 = Release|Any CPU
		{A8EDBBB3-0600-4BEE-AD4F-97E4E057DD27}.Debug|Any CPU.ActiveCfg = Debug|Any CPU
		{A8EDBBB3-0600-4BEE-AD4F-97E4E057DD27}.Debug|Any CPU.Build.0 = Debug|Any CPU
		{A8EDBBB3-0600-4BEE-AD4F-97E4E057DD27}.Release|Any CPU.ActiveCfg = Release|Any CPU
		{A8EDBBB3-0600-4BEE-AD4F-97E4E057DD27}.Release|Any CPU.Build.0 = Release|Any CPU
		{30A7E2C2-6EE0-4620-85C6-0994B70804FB}.Debug|Any CPU.ActiveCfg = Debug|Any CPU
		{30A7E2C2-6EE0-4620-85C6-0994B70804FB}.Debug|Any CPU.Build.0 = Debug|Any CPU
		{30A7E2C2-6EE0-4620-85C6-0994B70804FB}.Release|Any CPU.ActiveCfg = Release|Any CPU
		{30A7E2C2-6EE0-4620-85C6-0994B70804FB}.Release|Any CPU.Build.0 = Release|Any CPU
		{B0E1E363-AE4B-498A-A5EA-EDF7D08B2977}.Debug|Any CPU.ActiveCfg = Debug|Any CPU
		{B0E1E363-AE4B-498A-A5EA-EDF7D08B2977}.Debug|Any CPU.Build.0 = Debug|Any CPU
		{B0E1E363-AE4B-498A-A5EA-EDF7D08B2977}.Release|Any CPU.ActiveCfg = Release|Any CPU
		{B0E1E363-AE4B-498A-A5EA-EDF7D08B2977}.Release|Any CPU.Build.0 = Release|Any CPU
	EndGlobalSection
	GlobalSection(SolutionProperties) = preSolution
		HideSolutionNode = FALSE
	EndGlobalSection
	GlobalSection(ExtensibilityGlobals) = postSolution
		SolutionGuid = {42C2F7D3-7661-41FD-8A98-3BC13FC8A725}
	EndGlobalSection
EndGlobal
